{
    "version": 3,
    "terraform_version": "0.11.11",
    "serial": 6,
    "lineage": "305cb63e-d144-fa81-5963-038b612a81a9",
    "modules": [
        {
            "path": [
                "root"
            ],
            "outputs": {},
            "resources": {
                "azurerm_managed_disk.tfdevgs": {
                    "type": "azurerm_managed_disk",
                    "depends_on": [
                        "azurerm_resource_group.tfdevgs"
                    ],
                    "primary": {
                        "id": "/subscriptions/cb4da32e-0f8a-4dab-a806-4fd5b4a4aaaf/resourceGroups/tfdevrg/providers/Microsoft.Compute/disks/tddev_data",
                        "attributes": {
                            "create_option": "Empty",
                            "disk_size_gb": "1023",
                            "id": "/subscriptions/cb4da32e-0f8a-4dab-a806-4fd5b4a4aaaf/resourceGroups/tfdevrg/providers/Microsoft.Compute/disks/tddev_data",
                            "location": "northeurope",
                            "name": "tddev_data",
                            "resource_group_name": "tfdevrg",
                            "storage_account_type": "Standard_LRS",
                            "tags.%": "0",
                            "zones.#": "0"
                        },
                        "meta": {},
                        "tainted": false
                    },
                    "deposed": [],
                    "provider": "provider.azurerm"
                },
                "azurerm_network_interface.tfdevgs": {
                    "type": "azurerm_network_interface",
                    "depends_on": [
                        "azurerm_resource_group.tfdevgs",
                        "azurerm_subnet.tfdevgs"
                    ],
                    "primary": {
                        "id": "/subscriptions/cb4da32e-0f8a-4dab-a806-4fd5b4a4aaaf/resourceGroups/tfdevrg/providers/Microsoft.Network/networkInterfaces/tfnet",
                        "attributes": {
                            "applied_dns_servers.#": "0",
                            "dns_servers.#": "0",
                            "enable_accelerated_networking": "false",
                            "enable_ip_forwarding": "false",
                            "id": "/subscriptions/cb4da32e-0f8a-4dab-a806-4fd5b4a4aaaf/resourceGroups/tfdevrg/providers/Microsoft.Network/networkInterfaces/tfnet",
                            "internal_dns_name_label": "",
                            "internal_fqdn": "",
                            "ip_configuration.#": "1",
                            "ip_configuration.0.application_gateway_backend_address_pools_ids.#": "0",
                            "ip_configuration.0.application_security_group_ids.#": "0",
                            "ip_configuration.0.load_balancer_backend_address_pools_ids.#": "0",
                            "ip_configuration.0.load_balancer_inbound_nat_rules_ids.#": "0",
                            "ip_configuration.0.name": "tfipconfigdev",
                            "ip_configuration.0.primary": "true",
                            "ip_configuration.0.private_ip_address": "",
                            "ip_configuration.0.private_ip_address_allocation": "dynamic",
                            "ip_configuration.0.public_ip_address_id": "",
                            "ip_configuration.0.subnet_id": "/subscriptions/cb4da32e-0f8a-4dab-a806-4fd5b4a4aaaf/resourceGroups/tfdevrg/providers/Microsoft.Network/virtualNetworks/tfvnet/subnets/tfsubnet",
                            "location": "northeurope",
                            "mac_address": "",
                            "name": "tfnet",
                            "network_security_group_id": "",
                            "private_ip_address": "10.0.2.4",
                            "private_ip_addresses.#": "1",
                            "private_ip_addresses.0": "10.0.2.4",
                            "resource_group_name": "tfdevrg",
                            "tags.%": "0"
                        },
                        "meta": {},
                        "tainted": false
                    },
                    "deposed": [],
                    "provider": "provider.azurerm"
                },
                "azurerm_resource_group.tfdevgs": {
                    "type": "azurerm_resource_group",
                    "depends_on": [],
                    "primary": {
                        "id": "/subscriptions/cb4da32e-0f8a-4dab-a806-4fd5b4a4aaaf/resourceGroups/tfdevrg",
                        "attributes": {
                            "id": "/subscriptions/cb4da32e-0f8a-4dab-a806-4fd5b4a4aaaf/resourceGroups/tfdevrg",
                            "location": "northeurope",
                            "name": "tfdevrg",
                            "tags.%": "0"
                        },
                        "meta": {},
                        "tainted": false
                    },
                    "deposed": [],
                    "provider": "provider.azurerm"
                },
                "azurerm_subnet.tfdevgs": {
                    "type": "azurerm_subnet",
                    "depends_on": [
                        "azurerm_resource_group.tfdevgs",
                        "azurerm_virtual_network.tfdevgs"
                    ],
                    "primary": {
                        "id": "/subscriptions/cb4da32e-0f8a-4dab-a806-4fd5b4a4aaaf/resourceGroups/tfdevrg/providers/Microsoft.Network/virtualNetworks/tfvnet/subnets/tfsubnet",
                        "attributes": {
                            "address_prefix": "10.0.2.0/24",
                            "id": "/subscriptions/cb4da32e-0f8a-4dab-a806-4fd5b4a4aaaf/resourceGroups/tfdevrg/providers/Microsoft.Network/virtualNetworks/tfvnet/subnets/tfsubnet",
                            "ip_configurations.#": "0",
                            "name": "tfsubnet",
                            "resource_group_name": "tfdevrg",
                            "route_table_id": "",
                            "service_endpoints.#": "0",
                            "virtual_network_name": "tfvnet"
                        },
                        "meta": {},
                        "tainted": false
                    },
                    "deposed": [],
                    "provider": "provider.azurerm"
                },
                "azurerm_virtual_machine.tfdevgs": {
                    "type": "azurerm_virtual_machine",
                    "depends_on": [
                        "azurerm_network_interface.tfdevgs",
                        "azurerm_resource_group.tfdevgs"
                    ],
                    "primary": {
                        "id": "/subscriptions/cb4da32e-0f8a-4dab-a806-4fd5b4a4aaaf/resourceGroups/tfdevrg/providers/Microsoft.Compute/virtualMachines/tfdevgsvm",
                        "attributes": {
                            "delete_data_disks_on_termination": "false",
                            "delete_os_disk_on_termination": "false",
                            "id": "/subscriptions/cb4da32e-0f8a-4dab-a806-4fd5b4a4aaaf/resourceGroups/tfdevrg/providers/Microsoft.Compute/virtualMachines/tfdevgsvm",
                            "identity.#": "0",
                            "location": "northeurope",
                            "name": "tfdevgsvm",
                            "network_interface_ids.#": "1",
                            "network_interface_ids.0": "/subscriptions/cb4da32e-0f8a-4dab-a806-4fd5b4a4aaaf/resourceGroups/tfdevrg/providers/Microsoft.Network/networkInterfaces/tfnet",
                            "os_profile.#": "1",
                            "os_profile.1640508749.admin_password": "",
                            "os_profile.1640508749.admin_username": "admchso",
                            "os_profile.1640508749.computer_name": "tfdevgs",
                            "os_profile.1640508749.custom_data": "",
                            "os_profile_linux_config.#": "1",
                            "os_profile_linux_config.2972667452.disable_password_authentication": "false",
                            "os_profile_linux_config.2972667452.ssh_keys.#": "0",
                            "os_profile_secrets.#": "0",
                            "os_profile_windows_config.#": "0",
                            "plan.#": "0",
                            "resource_group_name": "tfdevrg",
                            "storage_data_disk.#": "1",
                            "storage_data_disk.0.caching": "None",
                            "storage_data_disk.0.create_option": "Empty",
                            "storage_data_disk.0.disk_size_gb": "1023",
                            "storage_data_disk.0.lun": "0",
                            "storage_data_disk.0.managed_disk_id": "/subscriptions/cb4da32e-0f8a-4dab-a806-4fd5b4a4aaaf/resourceGroups/tfdevrg/providers/Microsoft.Compute/disks/tfdevdata",
                            "storage_data_disk.0.managed_disk_type": "Standard_LRS",
                            "storage_data_disk.0.name": "tfdevdata",
                            "storage_data_disk.0.vhd_uri": "",
                            "storage_data_disk.0.write_accelerator_enabled": "false",
                            "storage_image_reference.#": "1",
                            "storage_image_reference.1458860473.id": "",
                            "storage_image_reference.1458860473.offer": "UbuntuServer",
                            "storage_image_reference.1458860473.publisher": "Canonical",
                            "storage_image_reference.1458860473.sku": "16.04-LTS",
                            "storage_image_reference.1458860473.version": "latest",
                            "storage_os_disk.#": "1",
                            "storage_os_disk.0.caching": "ReadWrite",
                            "storage_os_disk.0.create_option": "FromImage",
                            "storage_os_disk.0.disk_size_gb": "30",
                            "storage_os_disk.0.image_uri": "",
                            "storage_os_disk.0.managed_disk_id": "/subscriptions/cb4da32e-0f8a-4dab-a806-4fd5b4a4aaaf/resourceGroups/tfdevrg/providers/Microsoft.Compute/disks/tfosdiskdev",
                            "storage_os_disk.0.managed_disk_type": "Standard_LRS",
                            "storage_os_disk.0.name": "tfosdiskdev",
                            "storage_os_disk.0.os_type": "Linux",
                            "storage_os_disk.0.vhd_uri": "",
                            "storage_os_disk.0.write_accelerator_enabled": "false",
                            "tags.%": "1",
                            "tags.environment": "dev",
                            "vm_size": "Standard_DS1_v2",
                            "zones.#": "0"
                        },
                        "meta": {},
                        "tainted": false
                    },
                    "deposed": [],
                    "provider": "provider.azurerm"
                },
                "azurerm_virtual_network.tfdevgs": {
                    "type": "azurerm_virtual_network",
                    "depends_on": [
                        "azurerm_resource_group.tfdevgs"
                    ],
                    "primary": {
                        "id": "/subscriptions/cb4da32e-0f8a-4dab-a806-4fd5b4a4aaaf/resourceGroups/tfdevrg/providers/Microsoft.Network/virtualNetworks/tfvnet",
                        "attributes": {
                            "address_space.#": "1",
                            "address_space.0": "10.0.0.0/16",
                            "dns_servers.#": "0",
                            "id": "/subscriptions/cb4da32e-0f8a-4dab-a806-4fd5b4a4aaaf/resourceGroups/tfdevrg/providers/Microsoft.Network/virtualNetworks/tfvnet",
                            "location": "northeurope",
                            "name": "tfvnet",
                            "resource_group_name": "tfdevrg",
                            "subnet.#": "0",
                            "tags.%": "0"
                        },
                        "meta": {},
                        "tainted": false
                    },
                    "deposed": [],
                    "provider": "provider.azurerm"
                }
            },
            "depends_on": []
        }
    ]
}
